// !$*UTF8*$!
{
	archiveVersion = 1;
	classes = {
	};
	objectVersion = 56;
	objects = {

/* Begin PBXBuildFile section */
		2F5E9DC92B15CFE500DC3E29 /* QueueService.swift in Sources */ = {isa = PBXBuildFile; fileRef = 2F5E9DC82B15CFE500DC3E29 /* QueueService.swift */; };
		2F5E9DCB2B15D01000DC3E29 /* NetService.swift in Sources */ = {isa = PBXBuildFile; fileRef = 2F5E9DCA2B15D01000DC3E29 /* NetService.swift */; };
		7382DDCF2B7B3B8100BACD76 /* CoreDataStack.swift in Sources */ = {isa = PBXBuildFile; fileRef = 7382DDCE2B7B3B8100BACD76 /* CoreDataStack.swift */; };
		7382DDE12B7B7ABF00BACD76 /* Reachability.swift in Sources */ = {isa = PBXBuildFile; fileRef = 7382DDE02B7B7ABF00BACD76 /* Reachability.swift */; };
		7382DDEB2B7DE3D800BACD76 /* LogService.swift in Sources */ = {isa = PBXBuildFile; fileRef = 7382DDEA2B7DE3D800BACD76 /* LogService.swift */; };
		7382DE122B8340DF00BACD76 /* Logs+CoreDataProperties.swift in Sources */ = {isa = PBXBuildFile; fileRef = 7382DE0B2B8340DF00BACD76 /* Logs+CoreDataProperties.swift */; };
		7382DE132B8340DF00BACD76 /* Entity+CoreDataClass.swift in Sources */ = {isa = PBXBuildFile; fileRef = 7382DE0F2B8340DF00BACD76 /* Entity+CoreDataClass.swift */; };
		7382DE142B8340DF00BACD76 /* Logs+CoreDataClass.swift in Sources */ = {isa = PBXBuildFile; fileRef = 7382DE102B8340DF00BACD76 /* Logs+CoreDataClass.swift */; };
		7382DE152B8340DF00BACD76 /* Entity+CoreDataProperties.swift in Sources */ = {isa = PBXBuildFile; fileRef = 7382DE112B8340DF00BACD76 /* Entity+CoreDataProperties.swift */; };
		7382DE1A2B834D0D00BACD76 /* Observation-2.xcdatamodeld in Sources */ = {isa = PBXBuildFile; fileRef = 7382DE182B834D0D00BACD76 /* Observation-2.xcdatamodeld */; };
		7382DE1E2B87268700BACD76 /* BundleTemplate.swift in Sources */ = {isa = PBXBuildFile; fileRef = 7382DE1D2B87268700BACD76 /* BundleTemplate.swift */; };
		739708972BB402C7003B1D3B /* Reachability in Frameworks */ = {isa = PBXBuildFile; productRef = 739708962BB402C7003B1D3B /* Reachability */; };
		7397089A2BB40EA5003B1D3B /* IoMT.SDK in Frameworks */ = {isa = PBXBuildFile; productRef = 739708992BB40EA5003B1D3B /* IoMT.SDK */; };
		B26F4C573B5883085B002E42 /* Pods_IoMT_SDK.framework in Frameworks */ = {isa = PBXBuildFile; fileRef = 5B1B431ABD6097E270CFE572 /* Pods_IoMT_SDK.framework */; };
/* End PBXBuildFile section */

/* Begin PBXCopyFilesBuildPhase section */
		2F2131272AB8564C007F8FD2 /* CopyFiles */ = {
			isa = PBXCopyFilesBuildPhase;
			buildActionMask = 2147483647;
			dstPath = "include/$(PRODUCT_NAME)";
			dstSubfolderSpec = 16;
			files = (
			);
			runOnlyForDeploymentPostprocessing = 0;
		};
/* End PBXCopyFilesBuildPhase section */

/* Begin PBXFileReference section */
		2F2131292AB8564C007F8FD2 /* libIoMT.SDK.a */ = {isa = PBXFileReference; explicitFileType = archive.ar; includeInIndex = 0; path = libIoMT.SDK.a; sourceTree = BUILT_PRODUCTS_DIR; };
		2F21315E2AB858B8007F8FD2 /* InternetManager.swift */ = {isa = PBXFileReference; lastKnownFileType = sourcecode.swift; path = InternetManager.swift; sourceTree = "<group>"; };
		2F2131602AB858BA007F8FD2 /* ConnectClass.swift */ = {isa = PBXFileReference; lastKnownFileType = sourcecode.swift; path = ConnectClass.swift; sourceTree = "<group>"; };
		2F2131612AB858BA007F8FD2 /* EltaGlucometr.swift */ = {isa = PBXFileReference; lastKnownFileType = sourcecode.swift; path = EltaGlucometr.swift; sourceTree = "<group>"; };
		2F2131622AB858BA007F8FD2 /* AndTonometr.swift */ = {isa = PBXFileReference; lastKnownFileType = sourcecode.swift; path = AndTonometr.swift; sourceTree = "<group>"; };
		2F2131642AB858C0007F8FD2 /* BleManager.swift */ = {isa = PBXFileReference; lastKnownFileType = sourcecode.swift; path = BleManager.swift; sourceTree = "<group>"; };
		2F2131652AB858C0007F8FD2 /* DeviceBleManager.swift */ = {isa = PBXFileReference; lastKnownFileType = sourcecode.swift; path = DeviceBleManager.swift; sourceTree = "<group>"; };
		2F2131662AB858C0007F8FD2 /* DeviceService.swift */ = {isa = PBXFileReference; lastKnownFileType = sourcecode.swift; path = DeviceService.swift; sourceTree = "<group>"; };
		2F2131672AB858C0007F8FD2 /* DataCollector.swift */ = {isa = PBXFileReference; lastKnownFileType = sourcecode.swift; path = DataCollector.swift; sourceTree = "<group>"; };
		2F2131682AB858C0007F8FD2 /* DevicesEnum.swift */ = {isa = PBXFileReference; lastKnownFileType = sourcecode.swift; path = DevicesEnum.swift; sourceTree = "<group>"; };
		2F2131692AB858C0007F8FD2 /* FhirTemplate.swift */ = {isa = PBXFileReference; lastKnownFileType = sourcecode.swift; path = FhirTemplate.swift; sourceTree = "<group>"; };
		2F21316A2AB858C0007F8FD2 /* DeviceCallback.swift */ = {isa = PBXFileReference; lastKnownFileType = sourcecode.swift; path = DeviceCallback.swift; sourceTree = "<group>"; };
		2F2DA6052AB88C9B0096A741 /* IoMT.SDK.podspec */ = {isa = PBXFileReference; fileEncoding = 4; lastKnownFileType = text; path = IoMT.SDK.podspec; sourceTree = "<group>"; };
		2F2DA6202AB8940D0096A741 /* LICENSE */ = {isa = PBXFileReference; lastKnownFileType = text; path = LICENSE; sourceTree = "<group>"; };
		2F5E9DC82B15CFE500DC3E29 /* QueueService.swift */ = {isa = PBXFileReference; lastKnownFileType = sourcecode.swift; path = QueueService.swift; sourceTree = "<group>"; };
		2F5E9DCA2B15D01000DC3E29 /* NetService.swift */ = {isa = PBXFileReference; lastKnownFileType = sourcecode.swift; path = NetService.swift; sourceTree = "<group>"; };
		5B1B431ABD6097E270CFE572 /* Pods_IoMT_SDK.framework */ = {isa = PBXFileReference; explicitFileType = wrapper.framework; includeInIndex = 0; path = Pods_IoMT_SDK.framework; sourceTree = BUILT_PRODUCTS_DIR; };
		7382DDCE2B7B3B8100BACD76 /* CoreDataStack.swift */ = {isa = PBXFileReference; lastKnownFileType = sourcecode.swift; path = CoreDataStack.swift; sourceTree = "<group>"; };
		7382DDE02B7B7ABF00BACD76 /* Reachability.swift */ = {isa = PBXFileReference; lastKnownFileType = sourcecode.swift; path = Reachability.swift; sourceTree = "<group>"; };
		7382DDEA2B7DE3D800BACD76 /* LogService.swift */ = {isa = PBXFileReference; lastKnownFileType = sourcecode.swift; path = LogService.swift; sourceTree = "<group>"; };
		7382DE0B2B8340DF00BACD76 /* Logs+CoreDataProperties.swift */ = {isa = PBXFileReference; fileEncoding = 4; lastKnownFileType = sourcecode.swift; path = "Logs+CoreDataProperties.swift"; sourceTree = "<group>"; };
		7382DE0F2B8340DF00BACD76 /* Entity+CoreDataClass.swift */ = {isa = PBXFileReference; fileEncoding = 4; lastKnownFileType = sourcecode.swift; path = "Entity+CoreDataClass.swift"; sourceTree = "<group>"; };
		7382DE102B8340DF00BACD76 /* Logs+CoreDataClass.swift */ = {isa = PBXFileReference; fileEncoding = 4; lastKnownFileType = sourcecode.swift; path = "Logs+CoreDataClass.swift"; sourceTree = "<group>"; };
		7382DE112B8340DF00BACD76 /* Entity+CoreDataProperties.swift */ = {isa = PBXFileReference; fileEncoding = 4; lastKnownFileType = sourcecode.swift; path = "Entity+CoreDataProperties.swift"; sourceTree = "<group>"; };
		7382DE192B834D0D00BACD76 /* Observation-2.xcdatamodel */ = {isa = PBXFileReference; lastKnownFileType = wrapper.xcdatamodel; path = "Observation-2.xcdatamodel"; sourceTree = "<group>"; };
		7382DE1D2B87268700BACD76 /* BundleTemplate.swift */ = {isa = PBXFileReference; lastKnownFileType = sourcecode.swift; path = BundleTemplate.swift; sourceTree = "<group>"; };
		739708B42BB46670003B1D3B /* Package.swift */ = {isa = PBXFileReference; lastKnownFileType = sourcecode.swift; path = Package.swift; sourceTree = "<group>"; };
		739708B82BB46820003B1D3B /* Logs+CoreDataClass.swift */ = {isa = PBXFileReference; lastKnownFileType = sourcecode.swift; path = "Logs+CoreDataClass.swift"; sourceTree = "<group>"; };
		739708B92BB46820003B1D3B /* CoreDataStack.swift */ = {isa = PBXFileReference; lastKnownFileType = sourcecode.swift; path = CoreDataStack.swift; sourceTree = "<group>"; };
		739708BB2BB46820003B1D3B /* Observation-2.xcdatamodel */ = {isa = PBXFileReference; lastKnownFileType = wrapper.xcdatamodel; path = "Observation-2.xcdatamodel"; sourceTree = "<group>"; };
		739708BC2BB46820003B1D3B /* Entity+CoreDataProperties.swift */ = {isa = PBXFileReference; lastKnownFileType = sourcecode.swift; path = "Entity+CoreDataProperties.swift"; sourceTree = "<group>"; };
		739708BD2BB46820003B1D3B /* Entity+CoreDataClass.swift */ = {isa = PBXFileReference; lastKnownFileType = sourcecode.swift; path = "Entity+CoreDataClass.swift"; sourceTree = "<group>"; };
		739708BE2BB46820003B1D3B /* Logs+CoreDataProperties.swift */ = {isa = PBXFileReference; lastKnownFileType = sourcecode.swift; path = "Logs+CoreDataProperties.swift"; sourceTree = "<group>"; };
		739708C02BB4692A003B1D3B /* IoMT_SDK_main.swift */ = {isa = PBXFileReference; lastKnownFileType = sourcecode.swift; path = IoMT_SDK_main.swift; sourceTree = "<group>"; };
		818B1360FA5E77613A00E77B /* Pods-IoMT.SDK.release.xcconfig */ = {isa = PBXFileReference; includeInIndex = 1; lastKnownFileType = text.xcconfig; name = "Pods-IoMT.SDK.release.xcconfig"; path = "Target Support Files/Pods-IoMT.SDK/Pods-IoMT.SDK.release.xcconfig"; sourceTree = "<group>"; };
		CCD308F652C2631C975C1ED3 /* Pods-IoMT.SDK.debug.xcconfig */ = {isa = PBXFileReference; includeInIndex = 1; lastKnownFileType = text.xcconfig; name = "Pods-IoMT.SDK.debug.xcconfig"; path = "Target Support Files/Pods-IoMT.SDK/Pods-IoMT.SDK.debug.xcconfig"; sourceTree = "<group>"; };
/* End PBXFileReference section */

/* Begin PBXFrameworksBuildPhase section */
		2F2131262AB8564C007F8FD2 /* Frameworks */ = {
			isa = PBXFrameworksBuildPhase;
			buildActionMask = 2147483647;
			files = (
				7397089A2BB40EA5003B1D3B /* IoMT.SDK in Frameworks */,
				B26F4C573B5883085B002E42 /* Pods_IoMT_SDK.framework in Frameworks */,
				739708972BB402C7003B1D3B /* Reachability in Frameworks */,
			);
			runOnlyForDeploymentPostprocessing = 0;
		};
/* End PBXFrameworksBuildPhase section */

/* Begin PBXGroup section */
		1EA0FA9986DA08BC689D011F /* Pods */ = {
			isa = PBXGroup;
			children = (
				CCD308F652C2631C975C1ED3 /* Pods-IoMT.SDK.debug.xcconfig */,
				818B1360FA5E77613A00E77B /* Pods-IoMT.SDK.release.xcconfig */,
			);
			name = Pods;
			path = ../Pods;
			sourceTree = "<group>";
		};
		2F2131202AB8564C007F8FD2 = {
			isa = PBXGroup;
			children = (
				739708B52BB46820003B1D3B /* Sources */,
				739708B42BB46670003B1D3B /* Package.swift */,
				2F2DA6202AB8940D0096A741 /* LICENSE */,
				2F2DA6052AB88C9B0096A741 /* IoMT.SDK.podspec */,
				2F21312A2AB8564C007F8FD2 /* Products */,
				2F21312B2AB8564C007F8FD2 /* IoMT.SDK */,
				6430A7261BC11EC50F7540D2 /* Frameworks */,
			);
			sourceTree = "<group>";
		};
		2F21312A2AB8564C007F8FD2 /* Products */ = {
			isa = PBXGroup;
			children = (
				2F2131292AB8564C007F8FD2 /* libIoMT.SDK.a */,
			);
			name = Products;
			sourceTree = "<group>";
		};
		2F21312B2AB8564C007F8FD2 /* IoMT.SDK */ = {
			isa = PBXGroup;
			children = (
				7382DDD12B7B407000BACD76 /* DataBase */,
				2F2131632AB858C0007F8FD2 /* MainServices */,
				2F21315F2AB858BA007F8FD2 /* ConnectClass */,
				2F21315D2AB858B7007F8FD2 /* InternetManager */,
				1EA0FA9986DA08BC689D011F /* Pods */,
				7382DE182B834D0D00BACD76 /* Observation-2.xcdatamodeld */,
			);
			path = IoMT.SDK;
			sourceTree = "<group>";
		};
		2F21315D2AB858B7007F8FD2 /* InternetManager */ = {
			isa = PBXGroup;
			children = (
				2F21315E2AB858B8007F8FD2 /* InternetManager.swift */,
				7382DDE02B7B7ABF00BACD76 /* Reachability.swift */,
			);
			path = InternetManager;
			sourceTree = "<group>";
		};
		2F21315F2AB858BA007F8FD2 /* ConnectClass */ = {
			isa = PBXGroup;
			children = (
				2F2131622AB858BA007F8FD2 /* AndTonometr.swift */,
				2F2131602AB858BA007F8FD2 /* ConnectClass.swift */,
				2F2131612AB858BA007F8FD2 /* EltaGlucometr.swift */,
			);
			path = ConnectClass;
			sourceTree = "<group>";
		};
		2F2131632AB858C0007F8FD2 /* MainServices */ = {
			isa = PBXGroup;
			children = (
				2F2131682AB858C0007F8FD2 /* DevicesEnum.swift */,
				2F2131672AB858C0007F8FD2 /* DataCollector.swift */,
				2F2131642AB858C0007F8FD2 /* BleManager.swift */,
				2F21316A2AB858C0007F8FD2 /* DeviceCallback.swift */,
				2F2131652AB858C0007F8FD2 /* DeviceBleManager.swift */,
				2F2131662AB858C0007F8FD2 /* DeviceService.swift */,
				2F2131692AB858C0007F8FD2 /* FhirTemplate.swift */,
				2F5E9DC82B15CFE500DC3E29 /* QueueService.swift */,
				2F5E9DCA2B15D01000DC3E29 /* NetService.swift */,
				7382DDEA2B7DE3D800BACD76 /* LogService.swift */,
				7382DE1D2B87268700BACD76 /* BundleTemplate.swift */,
			);
			path = MainServices;
			sourceTree = "<group>";
		};
		6430A7261BC11EC50F7540D2 /* Frameworks */ = {
			isa = PBXGroup;
			children = (
				5B1B431ABD6097E270CFE572 /* Pods_IoMT_SDK.framework */,
			);
			name = Frameworks;
			sourceTree = "<group>";
		};
		7382DDD12B7B407000BACD76 /* DataBase */ = {
			isa = PBXGroup;
			children = (
				7382DE0F2B8340DF00BACD76 /* Entity+CoreDataClass.swift */,
				7382DE112B8340DF00BACD76 /* Entity+CoreDataProperties.swift */,
				7382DE102B8340DF00BACD76 /* Logs+CoreDataClass.swift */,
				7382DE0B2B8340DF00BACD76 /* Logs+CoreDataProperties.swift */,
				7382DDCE2B7B3B8100BACD76 /* CoreDataStack.swift */,
			);
			path = DataBase;
			sourceTree = "<group>";
		};
		739708B52BB46820003B1D3B /* Sources */ = {
			isa = PBXGroup;
			children = (
				739708B62BB46820003B1D3B /* IoMT.SDK-main */,
			);
			path = Sources;
			sourceTree = "<group>";
		};
		739708B62BB46820003B1D3B /* IoMT.SDK-main */ = {
			isa = PBXGroup;
			children = (
				739708B72BB46820003B1D3B /* Resources */,
				739708C02BB4692A003B1D3B /* IoMT_SDK_main.swift */,
			);
			path = "IoMT.SDK-main";
			sourceTree = "<group>";
		};
		739708B72BB46820003B1D3B /* Resources */ = {
			isa = PBXGroup;
			children = (
				739708B82BB46820003B1D3B /* Logs+CoreDataClass.swift */,
				739708B92BB46820003B1D3B /* CoreDataStack.swift */,
				739708BA2BB46820003B1D3B /* Observation-2.xcdatamodeld */,
				739708BC2BB46820003B1D3B /* Entity+CoreDataProperties.swift */,
				739708BD2BB46820003B1D3B /* Entity+CoreDataClass.swift */,
				739708BE2BB46820003B1D3B /* Logs+CoreDataProperties.swift */,
			);
			path = Resources;
			sourceTree = "<group>";
		};
/* End PBXGroup section */

/* Begin PBXNativeTarget section */
		2F2131282AB8564C007F8FD2 /* IoMT.SDK */ = {
			isa = PBXNativeTarget;
			buildConfigurationList = 2F2131302AB8564C007F8FD2 /* Build configuration list for PBXNativeTarget "IoMT.SDK" */;
			buildPhases = (
				1C3EB60A3D9D70E47A7A3B7A /* [CP] Check Pods Manifest.lock */,
				2F2131252AB8564C007F8FD2 /* Sources */,
				2F2131262AB8564C007F8FD2 /* Frameworks */,
				2F2131272AB8564C007F8FD2 /* CopyFiles */,
			);
			buildRules = (
			);
			dependencies = (
			);
			name = IoMT.SDK;
			packageProductDependencies = (
				739708962BB402C7003B1D3B /* Reachability */,
				739708992BB40EA5003B1D3B /* IoMT.SDK */,
			);
			productName = IoMT.SDK;
			productReference = 2F2131292AB8564C007F8FD2 /* libIoMT.SDK.a */;
			productType = "com.apple.product-type.library.static";
		};
/* End PBXNativeTarget section */

/* Begin PBXProject section */
		2F2131212AB8564C007F8FD2 /* Project object */ = {
			isa = PBXProject;
			attributes = {
				BuildIndependentTargetsInParallel = 1;
				LastSwiftUpdateCheck = 1430;
				LastUpgradeCheck = 1430;
				TargetAttributes = {
					2F2131282AB8564C007F8FD2 = {
						CreatedOnToolsVersion = 14.3.1;
						LastSwiftMigration = 1430;
					};
				};
			};
			buildConfigurationList = 2F2131242AB8564C007F8FD2 /* Build configuration list for PBXProject "IoMT.SDK" */;
			compatibilityVersion = "Xcode 14.0";
			developmentRegion = en;
			hasScannedForEncodings = 0;
			knownRegions = (
				en,
				Base,
			);
			mainGroup = 2F2131202AB8564C007F8FD2;
			packageReferences = (
				739708952BB402C7003B1D3B /* XCRemoteSwiftPackageReference "Reachability" */,
				739708982BB40EA5003B1D3B /* XCRemoteSwiftPackageReference "SDK" */,
			);
			productRefGroup = 2F21312A2AB8564C007F8FD2 /* Products */;
			projectDirPath = "";
			projectRoot = "";
			targets = (
				2F2131282AB8564C007F8FD2 /* IoMT.SDK */,
			);
		};
/* End PBXProject section */

/* Begin PBXShellScriptBuildPhase section */
		1C3EB60A3D9D70E47A7A3B7A /* [CP] Check Pods Manifest.lock */ = {
			isa = PBXShellScriptBuildPhase;
			buildActionMask = 2147483647;
			files = (
			);
			inputFileListPaths = (
			);
			inputPaths = (
				"${PODS_PODFILE_DIR_PATH}/Podfile.lock",
				"${PODS_ROOT}/Manifest.lock",
			);
			name = "[CP] Check Pods Manifest.lock";
			outputFileListPaths = (
			);
			outputPaths = (
				"$(DERIVED_FILE_DIR)/Pods-IoMT.SDK-checkManifestLockResult.txt",
			);
			runOnlyForDeploymentPostprocessing = 0;
			shellPath = /bin/sh;
			shellScript = "diff \"${PODS_PODFILE_DIR_PATH}/Podfile.lock\" \"${PODS_ROOT}/Manifest.lock\" > /dev/null\nif [ $? != 0 ] ; then\n    # print error to STDERR\n    echo \"error: The sandbox is not in sync with the Podfile.lock. Run 'pod install' or update your CocoaPods installation.\" >&2\n    exit 1\nfi\n# This output is used by Xcode 'outputs' to avoid re-running this script phase.\necho \"SUCCESS\" > \"${SCRIPT_OUTPUT_FILE_0}\"\n";
			showEnvVarsInLog = 0;
		};
/* End PBXShellScriptBuildPhase section */

/* Begin PBXSourcesBuildPhase section */
		2F2131252AB8564C007F8FD2 /* Sources */ = {
			isa = PBXSourcesBuildPhase;
			buildActionMask = 2147483647;
			files = (
				7382DE152B8340DF00BACD76 /* Entity+CoreDataProperties.swift in Sources */,
				7382DDEB2B7DE3D800BACD76 /* LogService.swift in Sources */,
				7382DDE12B7B7ABF00BACD76 /* Reachability.swift in Sources */,
				2F5E9DC92B15CFE500DC3E29 /* QueueService.swift in Sources */,
				7382DE142B8340DF00BACD76 /* Logs+CoreDataClass.swift in Sources */,
				7382DE1A2B834D0D00BACD76 /* Observation-2.xcdatamodeld in Sources */,
				7382DDCF2B7B3B8100BACD76 /* CoreDataStack.swift in Sources */,
				2F5E9DCB2B15D01000DC3E29 /* NetService.swift in Sources */,
				7382DE132B8340DF00BACD76 /* Entity+CoreDataClass.swift in Sources */,
				7382DE1E2B87268700BACD76 /* BundleTemplate.swift in Sources */,
				7382DE122B8340DF00BACD76 /* Logs+CoreDataProperties.swift in Sources */,
			);
			runOnlyForDeploymentPostprocessing = 0;
		};
/* End PBXSourcesBuildPhase section */

/* Begin XCBuildConfiguration section */
		2F21312E2AB8564C007F8FD2 /* Debug */ = {
			isa = XCBuildConfiguration;
			buildSettings = {
				ALWAYS_SEARCH_USER_PATHS = NO;
				CLANG_ANALYZER_NONNULL = YES;
				CLANG_ANALYZER_NUMBER_OBJECT_CONVERSION = YES_AGGRESSIVE;
				CLANG_CXX_LANGUAGE_STANDARD = "gnu++20";
				CLANG_ENABLE_MODULES = YES;
				CLANG_ENABLE_OBJC_ARC = YES;
				CLANG_ENABLE_OBJC_WEAK = YES;
				CLANG_WARN_BLOCK_CAPTURE_AUTORELEASING = YES;
				CLANG_WARN_BOOL_CONVERSION = YES;
				CLANG_WARN_COMMA = YES;
				CLANG_WARN_CONSTANT_CONVERSION = YES;
				CLANG_WARN_DEPRECATED_OBJC_IMPLEMENTATIONS = YES;
				CLANG_WARN_DIRECT_OBJC_ISA_USAGE = YES_ERROR;
				CLANG_WARN_DOCUMENTATION_COMMENTS = YES;
				CLANG_WARN_EMPTY_BODY = YES;
				CLANG_WARN_ENUM_CONVERSION = YES;
				CLANG_WARN_INFINITE_RECURSION = YES;
				CLANG_WARN_INT_CONVERSION = YES;
				CLANG_WARN_NON_LITERAL_NULL_CONVERSION = YES;
				CLANG_WARN_OBJC_IMPLICIT_RETAIN_SELF = YES;
				CLANG_WARN_OBJC_LITERAL_CONVERSION = YES;
				CLANG_WARN_OBJC_ROOT_CLASS = YES_ERROR;
				CLANG_WARN_QUOTED_INCLUDE_IN_FRAMEWORK_HEADER = YES;
				CLANG_WARN_RANGE_LOOP_ANALYSIS = YES;
				CLANG_WARN_STRICT_PROTOTYPES = YES;
				CLANG_WARN_SUSPICIOUS_MOVE = YES;
				CLANG_WARN_UNGUARDED_AVAILABILITY = YES_AGGRESSIVE;
				CLANG_WARN_UNREACHABLE_CODE = YES;
				CLANG_WARN__DUPLICATE_METHOD_MATCH = YES;
				COPY_PHASE_STRIP = NO;
				DEBUG_INFORMATION_FORMAT = dwarf;
				ENABLE_STRICT_OBJC_MSGSEND = YES;
				ENABLE_TESTABILITY = YES;
				GCC_C_LANGUAGE_STANDARD = gnu11;
				GCC_DYNAMIC_NO_PIC = NO;
				GCC_NO_COMMON_BLOCKS = YES;
				GCC_OPTIMIZATION_LEVEL = 0;
				GCC_PREPROCESSOR_DEFINITIONS = (
					"DEBUG=1",
					"$(inherited)",
				);
				GCC_WARN_64_TO_32_BIT_CONVERSION = YES;
				GCC_WARN_ABOUT_RETURN_TYPE = YES_ERROR;
				GCC_WARN_UNDECLARED_SELECTOR = YES;
				GCC_WARN_UNINITIALIZED_AUTOS = YES_AGGRESSIVE;
				GCC_WARN_UNUSED_FUNCTION = YES;
				GCC_WARN_UNUSED_VARIABLE = YES;
				IPHONEOS_DEPLOYMENT_TARGET = 13.3;
				MTL_ENABLE_DEBUG_INFO = INCLUDE_SOURCE;
				MTL_FAST_MATH = YES;
				ONLY_ACTIVE_ARCH = YES;
				SDKROOT = iphoneos;
				SWIFT_ACTIVE_COMPILATION_CONDITIONS = DEBUG;
				SWIFT_OPTIMIZATION_LEVEL = "-Onone";
			};
			name = Debug;
		};
		2F21312F2AB8564C007F8FD2 /* Release */ = {
			isa = XCBuildConfiguration;
			buildSettings = {
				ALWAYS_SEARCH_USER_PATHS = NO;
				CLANG_ANALYZER_NONNULL = YES;
				CLANG_ANALYZER_NUMBER_OBJECT_CONVERSION = YES_AGGRESSIVE;
				CLANG_CXX_LANGUAGE_STANDARD = "gnu++20";
				CLANG_ENABLE_MODULES = YES;
				CLANG_ENABLE_OBJC_ARC = YES;
				CLANG_ENABLE_OBJC_WEAK = YES;
				CLANG_WARN_BLOCK_CAPTURE_AUTORELEASING = YES;
				CLANG_WARN_BOOL_CONVERSION = YES;
				CLANG_WARN_COMMA = YES;
				CLANG_WARN_CONSTANT_CONVERSION = YES;
				CLANG_WARN_DEPRECATED_OBJC_IMPLEMENTATIONS = YES;
				CLANG_WARN_DIRECT_OBJC_ISA_USAGE = YES_ERROR;
				CLANG_WARN_DOCUMENTATION_COMMENTS = YES;
				CLANG_WARN_EMPTY_BODY = YES;
				CLANG_WARN_ENUM_CONVERSION = YES;
				CLANG_WARN_INFINITE_RECURSION = YES;
				CLANG_WARN_INT_CONVERSION = YES;
				CLANG_WARN_NON_LITERAL_NULL_CONVERSION = YES;
				CLANG_WARN_OBJC_IMPLICIT_RETAIN_SELF = YES;
				CLANG_WARN_OBJC_LITERAL_CONVERSION = YES;
				CLANG_WARN_OBJC_ROOT_CLASS = YES_ERROR;
				CLANG_WARN_QUOTED_INCLUDE_IN_FRAMEWORK_HEADER = YES;
				CLANG_WARN_RANGE_LOOP_ANALYSIS = YES;
				CLANG_WARN_STRICT_PROTOTYPES = YES;
				CLANG_WARN_SUSPICIOUS_MOVE = YES;
				CLANG_WARN_UNGUARDED_AVAILABILITY = YES_AGGRESSIVE;
				CLANG_WARN_UNREACHABLE_CODE = YES;
				CLANG_WARN__DUPLICATE_METHOD_MATCH = YES;
				COPY_PHASE_STRIP = NO;
				DEBUG_INFORMATION_FORMAT = "dwarf-with-dsym";
				ENABLE_NS_ASSERTIONS = NO;
				ENABLE_STRICT_OBJC_MSGSEND = YES;
				GCC_C_LANGUAGE_STANDARD = gnu11;
				GCC_NO_COMMON_BLOCKS = YES;
				GCC_WARN_64_TO_32_BIT_CONVERSION = YES;
				GCC_WARN_ABOUT_RETURN_TYPE = YES_ERROR;
				GCC_WARN_UNDECLARED_SELECTOR = YES;
				GCC_WARN_UNINITIALIZED_AUTOS = YES_AGGRESSIVE;
				GCC_WARN_UNUSED_FUNCTION = YES;
				GCC_WARN_UNUSED_VARIABLE = YES;
				IPHONEOS_DEPLOYMENT_TARGET = 13.3;
				MTL_ENABLE_DEBUG_INFO = NO;
				MTL_FAST_MATH = YES;
				SDKROOT = iphoneos;
				SWIFT_COMPILATION_MODE = wholemodule;
				SWIFT_OPTIMIZATION_LEVEL = "-O";
				VALIDATE_PRODUCT = YES;
			};
			name = Release;
		};
		2F2131312AB8564C007F8FD2 /* Debug */ = {
			isa = XCBuildConfiguration;
			baseConfigurationReference = CCD308F652C2631C975C1ED3 /* Pods-IoMT.SDK.debug.xcconfig */;
			buildSettings = {
				CLANG_ENABLE_MODULES = YES;
				CODE_SIGN_STYLE = Automatic;
				DEVELOPMENT_TEAM = 69A943J88V;
				LIBRARY_SEARCH_PATHS = (
					"$(inherited)",
					"$(PROJECT_DIR)",
					"$(PROJECT_DIR)/IoMT.SDK",
				);
				OTHER_LDFLAGS = "-ObjC";
				PRODUCT_NAME = "$(TARGET_NAME)";
				SKIP_INSTALL = YES;
				SWIFT_OBJC_BRIDGING_HEADER = "IoMT.SDK/MainServices/IoMT.SDK-Bridging-Header.h";
				SWIFT_OPTIMIZATION_LEVEL = "-Onone";
				SWIFT_VERSION = 5.0;
				TARGETED_DEVICE_FAMILY = "1,2";
			};
			name = Debug;
		};
		2F2131322AB8564C007F8FD2 /* Release */ = {
			isa = XCBuildConfiguration;
			baseConfigurationReference = 818B1360FA5E77613A00E77B /* Pods-IoMT.SDK.release.xcconfig */;
			buildSettings = {
				CLANG_ENABLE_MODULES = YES;
				CODE_SIGN_STYLE = Automatic;
				DEVELOPMENT_TEAM = 69A943J88V;
				LIBRARY_SEARCH_PATHS = (
					"$(inherited)",
					"$(PROJECT_DIR)",
					"$(PROJECT_DIR)/IoMT.SDK",
				);
				OTHER_LDFLAGS = "-ObjC";
				PRODUCT_NAME = "$(TARGET_NAME)";
				SKIP_INSTALL = YES;
				SWIFT_OBJC_BRIDGING_HEADER = "IoMT.SDK/MainServices/IoMT.SDK-Bridging-Header.h";
				SWIFT_VERSION = 5.0;
				TARGETED_DEVICE_FAMILY = "1,2";
			};
			name = Release;
		};
/* End XCBuildConfiguration section */

/* Begin XCConfigurationList section */
		2F2131242AB8564C007F8FD2 /* Build configuration list for PBXProject "IoMT.SDK" */ = {
			isa = XCConfigurationList;
			buildConfigurations = (
				2F21312E2AB8564C007F8FD2 /* Debug */,
				2F21312F2AB8564C007F8FD2 /* Release */,
			);
			defaultConfigurationIsVisible = 0;
			defaultConfigurationName = Release;
		};
		2F2131302AB8564C007F8FD2 /* Build configuration list for PBXNativeTarget "IoMT.SDK" */ = {
			isa = XCConfigurationList;
			buildConfigurations = (
				2F2131312AB8564C007F8FD2 /* Debug */,
				2F2131322AB8564C007F8FD2 /* Release */,
			);
			defaultConfigurationIsVisible = 0;
			defaultConfigurationName = Release;
		};
/* End XCConfigurationList section */

/* Begin XCRemoteSwiftPackageReference section */
		739708952BB402C7003B1D3B /* XCRemoteSwiftPackageReference "Reachability" */ = {
			isa = XCRemoteSwiftPackageReference;
			repositoryURL = "https://github.com/ashleymills/Reachability.swift";
			requirement = {
				kind = exactVersion;
				version = 5.0.0;
			};
		};
		739708982BB40EA5003B1D3B /* XCRemoteSwiftPackageReference "SDK" */ = {
			isa = XCRemoteSwiftPackageReference;
			repositoryURL = "https://github.com/lmdxnmx/SDK";
			requirement = {
				branch = main;
				kind = branch;
			};
		};
/* End XCRemoteSwiftPackageReference section */

/* Begin XCSwiftPackageProductDependency section */
		739708962BB402C7003B1D3B /* Reachability */ = {
			isa = XCSwiftPackageProductDependency;
			package = 739708952BB402C7003B1D3B /* XCRemoteSwiftPackageReference "Reachability" */;
			productName = Reachability;
		};
		739708992BB40EA5003B1D3B /* IoMT.SDK */ = {
			isa = XCSwiftPackageProductDependency;
			package = 739708982BB40EA5003B1D3B /* XCRemoteSwiftPackageReference "SDK" */;
			productName = IoMT.SDK;
		};
/* End XCSwiftPackageProductDependency section */

/* Begin XCVersionGroup section */
		7382DE182B834D0D00BACD76 /* Observation-2.xcdatamodeld */ = {
			isa = XCVersionGroup;
			children = (
				7382DE192B834D0D00BACD76 /* Observation-2.xcdatamodel */,
			);
			currentVersion = 7382DE192B834D0D00BACD76 /* Observation-2.xcdatamodel */;
			path = "Observation-2.xcdatamodeld";
			sourceTree = "<group>";
			versionGroupType = wrapper.xcdatamodel;
		};
		739708BA2BB46820003B1D3B /* Observation-2.xcdatamodeld */ = {
			isa = XCVersionGroup;
			children = (
				739708BB2BB46820003B1D3B /* Observation-2.xcdatamodel */,
			);
			currentVersion = 739708BB2BB46820003B1D3B /* Observation-2.xcdatamodel */;
			path = "Observation-2.xcdatamodeld";
			sourceTree = "<group>";
			versionGroupType = wrapper.xcdatamodel;
		};
/* End XCVersionGroup section */
	};
	rootObject = 2F2131212AB8564C007F8FD2 /* Project object */;
}
